
Microsoft Visual Studio Solution File, Format Version 12.00
# Visual Studio Version 17
VisualStudioVersion = 17.2.32427.441
MinimumVisualStudioVersion = 10.0.40219.1
Project("{9A19103F-16F7-4668-BE54-9A1E7A4F7556}") = "Lexxys", "src\Lexxys\Lexxys.csproj", "{C0942E00-11DB-4EA2-B56F-FE29F278CDD8}"
EndProject
Project("{9A19103F-16F7-4668-BE54-9A1E7A4F7556}") = "Lexxys.Tests", "test\Lexxys.Tests\Lexxys.Tests.csproj", "{99A4523F-29D5-498D-ACF0-D608FE5446F2}"
EndProject
Project("{2150E333-8FDC-42A3-9474-1A3956D46DE8}") = "test", "test", "{3D2BC3C9-109E-4D7A-B954-09B4E8B2A2A2}"
EndProject
Project("{9A19103F-16F7-4668-BE54-9A1E7A4F7556}") = "Lexxys.Testing", "src\Lexxys.Testing\Lexxys.Testing.csproj", "{C90D61D0-C13F-49EC-B9DA-924CBDCD694A}"
EndProject
Project("{9A19103F-16F7-4668-BE54-9A1E7A4F7556}") = "Lexxys.Logging", "src\Lexxis.Logging\Lexxys.Logging.csproj", "{10E2464E-62E4-4F7F-9CA3-1939B835C538}"
EndProject
Global
	GlobalSection(SolutionConfigurationPlatforms) = preSolution
		Debug|Any CPU = Debug|Any CPU
		Release|Any CPU = Release|Any CPU
	EndGlobalSection
	GlobalSection(ProjectConfigurationPlatforms) = postSolution
		{C0942E00-11DB-4EA2-B56F-FE29F278CDD8}.Debug|Any CPU.ActiveCfg = Debug|Any CPU
		{C0942E00-11DB-4EA2-B56F-FE29F278CDD8}.Debug|Any CPU.Build.0 = Debug|Any CPU
		{C0942E00-11DB-4EA2-B56F-FE29F278CDD8}.Release|Any CPU.ActiveCfg = Release|Any CPU
		{C0942E00-11DB-4EA2-B56F-FE29F278CDD8}.Release|Any CPU.Build.0 = Release|Any CPU
		{99A4523F-29D5-498D-ACF0-D608FE5446F2}.Debug|Any CPU.ActiveCfg = Debug|Any CPU
		{99A4523F-29D5-498D-ACF0-D608FE5446F2}.Debug|Any CPU.Build.0 = Debug|Any CPU
		{99A4523F-29D5-498D-ACF0-D608FE5446F2}.Release|Any CPU.ActiveCfg = Release|Any CPU
		{99A4523F-29D5-498D-ACF0-D608FE5446F2}.Release|Any CPU.Build.0 = Release|Any CPU
		{C90D61D0-C13F-49EC-B9DA-924CBDCD694A}.Debug|Any CPU.ActiveCfg = Debug|Any CPU
		{C90D61D0-C13F-49EC-B9DA-924CBDCD694A}.Debug|Any CPU.Build.0 = Debug|Any CPU
		{C90D61D0-C13F-49EC-B9DA-924CBDCD694A}.Release|Any CPU.ActiveCfg = Release|Any CPU
		{C90D61D0-C13F-49EC-B9DA-924CBDCD694A}.Release|Any CPU.Build.0 = Release|Any CPU
		{10E2464E-62E4-4F7F-9CA3-1939B835C538}.Debug|Any CPU.ActiveCfg = Debug|Any CPU
		{10E2464E-62E4-4F7F-9CA3-1939B835C538}.Debug|Any CPU.Build.0 = Debug|Any CPU
		{10E2464E-62E4-4F7F-9CA3-1939B835C538}.Release|Any CPU.ActiveCfg = Release|Any CPU
		{10E2464E-62E4-4F7F-9CA3-1939B835C538}.Release|Any CPU.Build.0 = Release|Any CPU
	EndGlobalSection
	GlobalSection(SolutionProperties) = preSolution
		HideSolutionNode = FALSE
	EndGlobalSection
	GlobalSection(NestedProjects) = preSolution
		{99A4523F-29D5-498D-ACF0-D608FE5446F2} = {3D2BC3C9-109E-4D7A-B954-09B4E8B2A2A2}
	EndGlobalSection
	GlobalSection(ExtensibilityGlobals) = postSolution
		SolutionGuid = {3F38CE85-960B-40DB-8BC2-90E6112E3872}
	EndGlobalSection
EndGlobal
